
Microsoft Visual Studio Solution File, Format Version 12.00
# Visual Studio Version 16
VisualStudioVersion = 16.0.30717.126
MinimumVisualStudioVersion = 10.0.40219.1
Project("{8BC9CEB8-8B4A-11D0-8D11-00A0C91BC942}") = "test", "test.vcxproj", "{7B5CF023-75BC-4CB3-A1CD-CB65CA3A5043}"
EndProject
Global
	GlobalSection(SolutionConfigurationPlatforms) = preSolution
		Debug|x64 = Debug|x64
		Debug|x86 = Debug|x86
		Release|x64 = Release|x64
		Release|x86 = Release|x86
	EndGlobalSection
	GlobalSection(ProjectConfigurationPlatforms) = postSolution
		{7B5CF023-75BC-4CB3-A1CD-CB65CA3A5043}.Debug|x64.ActiveCfg = Debug|x64
		{7B5CF023-75BC-4CB3-A1CD-CB65CA3A5043}.Debug|x64.Build.0 = Debug|x64
		{7B5CF023-75BC-4CB3-A1CD-CB65CA3A5043}.Debug|x86.ActiveCfg = Debug|Win32
		{7B5CF023-75BC-4CB3-A1CD-CB65CA3A5043}.Debug|x86.Build.0 = Debug|Win32
		{7B5CF023-75BC-4CB3-A1CD-CB65CA3A5043}.Release|x64.ActiveCfg = Release|x64
		{7B5CF023-75BC-4CB3-A1CD-CB65CA3A5043}.Release|x64.Build.0 = Release|x64
		{7B5CF023-75BC-4CB3-A1CD-CB65CA3A5043}.Release|x86.ActiveCfg = Release|Win32
		{7B5CF023-75BC-4CB3-A1CD-CB65CA3A5043}.Release|x86.Build.0 = Release|Win32
	EndGlobalSection
	GlobalSection(SolutionProperties) = preSolution
		HideSolutionNode = FALSE
	EndGlobalSection
	GlobalSection(ExtensibilityGlobals) = postSolution
		SolutionGuid = {9680B567-B188-4FF1-8D70-8FB450C67A48}
	EndGlobalSection
EndGlobal
